
Microsoft Visual Studio Solution File, Format Version 12.00
# Visual Studio Version 16
VisualStudioVersion = 16.0.30907.101
MinimumVisualStudioVersion = 10.0.40219.1
Project("{9A19103F-16F7-4668-BE54-9A1E7A4F7556}") = "PaymentGateway.API", "PaymentGateway.API\PaymentGateway.API.csproj", "{82A33078-D73F-481A-A7B9-159541A774CA}"
EndProject
Project("{9A19103F-16F7-4668-BE54-9A1E7A4F7556}") = "IdentityServer", "IdentityServer\IdentityServer.csproj", "{041DC1DB-27FB-4C07-8174-8CFEEB23CC54}"
EndProject
Project("{9A19103F-16F7-4668-BE54-9A1E7A4F7556}") = "PaymentGateway.Client", "PaymentGateway.Client\PaymentGateway.Client.csproj", "{8BF60FB8-CD3E-4199-8A8D-B0B74075A83F}"
EndProject
Project("{9A19103F-16F7-4668-BE54-9A1E7A4F7556}") = "PaymentGateway.Services", "PaymentGateway.Services\PaymentGateway.Services.csproj", "{CCE5D6BC-71F9-4BA8-8041-01DC44A68776}"
EndProject
Project("{2150E333-8FDC-42A3-9474-1A3956D46DE8}") = "Tests", "Tests", "{4FADA20D-C42E-4504-B630-9CBADC4127C1}"
EndProject
Project("{9A19103F-16F7-4668-BE54-9A1E7A4F7556}") = "PaymentGateway.UnitTests", "PaymentGateway.UnitTests\PaymentGateway.UnitTests.csproj", "{7597DFEE-7E68-4414-A08D-14C2EBB39596}"
EndProject
Project("{9A19103F-16F7-4668-BE54-9A1E7A4F7556}") = "PaymentGateway.IntegrationTests", "PaymentGateway.IntegrationTests\PaymentGateway.IntegrationTests.csproj", "{D5B0BA0D-B580-44F1-9E28-59F3A0164919}"
EndProject
Project("{9A19103F-16F7-4668-BE54-9A1E7A4F7556}") = "PaymentGateway.Repositories", "PaymentGateway.Repositories\PaymentGateway.Repositories.csproj", "{F4C9D922-0DBD-4E89-8582-9DEC006AC919}"
EndProject
Project("{9A19103F-16F7-4668-BE54-9A1E7A4F7556}") = "PaymentGateway.ExternalAccess", "PaymentGateway.ExternalAccess\PaymentGateway.ExternalAccess.csproj", "{5057DC17-8052-4CA4-A687-48D25B08234E}"
EndProject
Project("{FAE04EC0-301F-11D3-BF4B-00C04F79EFBC}") = "PaymentGateway.Models", "PaymentGateway.Models\PaymentGateway.Models.csproj", "{B046F0B5-C082-4AC6-A9BA-DE8AA6AF2E12}"
EndProject
Global
	GlobalSection(SolutionConfigurationPlatforms) = preSolution
		Debug|Any CPU = Debug|Any CPU
		Release|Any CPU = Release|Any CPU
	EndGlobalSection
	GlobalSection(ProjectConfigurationPlatforms) = postSolution
		{82A33078-D73F-481A-A7B9-159541A774CA}.Debug|Any CPU.ActiveCfg = Debug|Any CPU
		{82A33078-D73F-481A-A7B9-159541A774CA}.Debug|Any CPU.Build.0 = Debug|Any CPU
		{82A33078-D73F-481A-A7B9-159541A774CA}.Release|Any CPU.ActiveCfg = Release|Any CPU
		{82A33078-D73F-481A-A7B9-159541A774CA}.Release|Any CPU.Build.0 = Release|Any CPU
		{041DC1DB-27FB-4C07-8174-8CFEEB23CC54}.Debug|Any CPU.ActiveCfg = Debug|Any CPU
		{041DC1DB-27FB-4C07-8174-8CFEEB23CC54}.Debug|Any CPU.Build.0 = Debug|Any CPU
		{041DC1DB-27FB-4C07-8174-8CFEEB23CC54}.Release|Any CPU.ActiveCfg = Release|Any CPU
		{041DC1DB-27FB-4C07-8174-8CFEEB23CC54}.Release|Any CPU.Build.0 = Release|Any CPU
		{8BF60FB8-CD3E-4199-8A8D-B0B74075A83F}.Debug|Any CPU.ActiveCfg = Debug|Any CPU
		{8BF60FB8-CD3E-4199-8A8D-B0B74075A83F}.Debug|Any CPU.Build.0 = Debug|Any CPU
		{8BF60FB8-CD3E-4199-8A8D-B0B74075A83F}.Release|Any CPU.ActiveCfg = Release|Any CPU
		{8BF60FB8-CD3E-4199-8A8D-B0B74075A83F}.Release|Any CPU.Build.0 = Release|Any CPU
		{CCE5D6BC-71F9-4BA8-8041-01DC44A68776}.Debug|Any CPU.ActiveCfg = Debug|Any CPU
		{CCE5D6BC-71F9-4BA8-8041-01DC44A68776}.Debug|Any CPU.Build.0 = Debug|Any CPU
		{CCE5D6BC-71F9-4BA8-8041-01DC44A68776}.Release|Any CPU.ActiveCfg = Release|Any CPU
		{CCE5D6BC-71F9-4BA8-8041-01DC44A68776}.Release|Any CPU.Build.0 = Release|Any CPU
		{7597DFEE-7E68-4414-A08D-14C2EBB39596}.Debug|Any CPU.ActiveCfg = Debug|Any CPU
		{7597DFEE-7E68-4414-A08D-14C2EBB39596}.Debug|Any CPU.Build.0 = Debug|Any CPU
		{7597DFEE-7E68-4414-A08D-14C2EBB39596}.Release|Any CPU.ActiveCfg = Release|Any CPU
		{7597DFEE-7E68-4414-A08D-14C2EBB39596}.Release|Any CPU.Build.0 = Release|Any CPU
		{D5B0BA0D-B580-44F1-9E28-59F3A0164919}.Debug|Any CPU.ActiveCfg = Debug|Any CPU
		{D5B0BA0D-B580-44F1-9E28-59F3A0164919}.Debug|Any CPU.Build.0 = Debug|Any CPU
		{D5B0BA0D-B580-44F1-9E28-59F3A0164919}.Release|Any CPU.ActiveCfg = Release|Any CPU
		{D5B0BA0D-B580-44F1-9E28-59F3A0164919}.Release|Any CPU.Build.0 = Release|Any CPU
		{F4C9D922-0DBD-4E89-8582-9DEC006AC919}.Debug|Any CPU.ActiveCfg = Debug|Any CPU
		{F4C9D922-0DBD-4E89-8582-9DEC006AC919}.Debug|Any CPU.Build.0 = Debug|Any CPU
		{F4C9D922-0DBD-4E89-8582-9DEC006AC919}.Release|Any CPU.ActiveCfg = Release|Any CPU
		{F4C9D922-0DBD-4E89-8582-9DEC006AC919}.Release|Any CPU.Build.0 = Release|Any CPU
		{5057DC17-8052-4CA4-A687-48D25B08234E}.Debug|Any CPU.ActiveCfg = Debug|Any CPU
		{5057DC17-8052-4CA4-A687-48D25B08234E}.Debug|Any CPU.Build.0 = Debug|Any CPU
		{5057DC17-8052-4CA4-A687-48D25B08234E}.Release|Any CPU.ActiveCfg = Release|Any CPU
		{5057DC17-8052-4CA4-A687-48D25B08234E}.Release|Any CPU.Build.0 = Release|Any CPU
		{B046F0B5-C082-4AC6-A9BA-DE8AA6AF2E12}.Debug|Any CPU.ActiveCfg = Debug|Any CPU
		{B046F0B5-C082-4AC6-A9BA-DE8AA6AF2E12}.Debug|Any CPU.Build.0 = Debug|Any CPU
		{B046F0B5-C082-4AC6-A9BA-DE8AA6AF2E12}.Release|Any CPU.ActiveCfg = Release|Any CPU
		{B046F0B5-C082-4AC6-A9BA-DE8AA6AF2E12}.Release|Any CPU.Build.0 = Release|Any CPU
	EndGlobalSection
	GlobalSection(SolutionProperties) = preSolution
		HideSolutionNode = FALSE
	EndGlobalSection
	GlobalSection(NestedProjects) = preSolution
		{7597DFEE-7E68-4414-A08D-14C2EBB39596} = {4FADA20D-C42E-4504-B630-9CBADC4127C1}
		{D5B0BA0D-B580-44F1-9E28-59F3A0164919} = {4FADA20D-C42E-4504-B630-9CBADC4127C1}
	EndGlobalSection
	GlobalSection(ExtensibilityGlobals) = postSolution
		SolutionGuid = {AD74C52C-191C-4C33-BE50-057BE80935D1}
	EndGlobalSection
EndGlobal
