
Microsoft Visual Studio Solution File, Format Version 12.00
# Visual Studio Version 16
VisualStudioVersion = 16.0.30907.101
MinimumVisualStudioVersion = 10.0.40219.1
Project("{9A19103F-16F7-4668-BE54-9A1E7A4F7556}") = "PaymentGateway.API", "PaymentGateway.API\PaymentGateway.API.csproj", "{82A33078-D73F-481A-A7B9-159541A774CA}"
EndProject
Project("{9A19103F-16F7-4668-BE54-9A1E7A4F7556}") = "IdentityServer", "IdentityServer\IdentityServer.csproj", "{041DC1DB-27FB-4C07-8174-8CFEEB23CC54}"
EndProject
Project("{9A19103F-16F7-4668-BE54-9A1E7A4F7556}") = "PaymentGateway.Client", "PaymentGateway.Client\PaymentGateway.Client.csproj", "{8BF60FB8-CD3E-4199-8A8D-B0B74075A83F}"
EndProject
Global
	GlobalSection(SolutionConfigurationPlatforms) = preSolution
		Debug|Any CPU = Debug|Any CPU
		Release|Any CPU = Release|Any CPU
	EndGlobalSection
	GlobalSection(ProjectConfigurationPlatforms) = postSolution
		{82A33078-D73F-481A-A7B9-159541A774CA}.Debug|Any CPU.ActiveCfg = Debug|Any CPU
		{82A33078-D73F-481A-A7B9-159541A774CA}.Debug|Any CPU.Build.0 = Debug|Any CPU
		{82A33078-D73F-481A-A7B9-159541A774CA}.Release|Any CPU.ActiveCfg = Release|Any CPU
		{82A33078-D73F-481A-A7B9-159541A774CA}.Release|Any CPU.Build.0 = Release|Any CPU
		{041DC1DB-27FB-4C07-8174-8CFEEB23CC54}.Debug|Any CPU.ActiveCfg = Debug|Any CPU
		{041DC1DB-27FB-4C07-8174-8CFEEB23CC54}.Debug|Any CPU.Build.0 = Debug|Any CPU
		{041DC1DB-27FB-4C07-8174-8CFEEB23CC54}.Release|Any CPU.ActiveCfg = Release|Any CPU
		{041DC1DB-27FB-4C07-8174-8CFEEB23CC54}.Release|Any CPU.Build.0 = Release|Any CPU
		{8BF60FB8-CD3E-4199-8A8D-B0B74075A83F}.Debug|Any CPU.ActiveCfg = Debug|Any CPU
		{8BF60FB8-CD3E-4199-8A8D-B0B74075A83F}.Debug|Any CPU.Build.0 = Debug|Any CPU
		{8BF60FB8-CD3E-4199-8A8D-B0B74075A83F}.Release|Any CPU.ActiveCfg = Release|Any CPU
		{8BF60FB8-CD3E-4199-8A8D-B0B74075A83F}.Release|Any CPU.Build.0 = Release|Any CPU
	EndGlobalSection
	GlobalSection(SolutionProperties) = preSolution
		HideSolutionNode = FALSE
	EndGlobalSection
	GlobalSection(ExtensibilityGlobals) = postSolution
		SolutionGuid = {AD74C52C-191C-4C33-BE50-057BE80935D1}
	EndGlobalSection
EndGlobal
